// !$*UTF8*$!
{
	archiveVersion = 1;
	classes = {
	};
	objectVersion = 48;
	objects = {

/* Begin PBXBuildFile section */
		5817E9C8A5B9738DFC48150B /* libPods-TrendingGIFsTests.a in Frameworks */ = {isa = PBXBuildFile; fileRef = C958F0E795474F5E58F15832 /* libPods-TrendingGIFsTests.a */; };
		A2600992C65D00B09C01D714 /* libPods-TrendingGIFsUITests.a in Frameworks */ = {isa = PBXBuildFile; fileRef = F1436EE1F673D861F225432A /* libPods-TrendingGIFsUITests.a */; };
		CF0425B4227D343C006AC3B3 /* TrendingGIFsViewController.swift in Sources */ = {isa = PBXBuildFile; fileRef = CF0425B3227D343B006AC3B3 /* TrendingGIFsViewController.swift */; };
		CF0425B6227D3466006AC3B3 /* TrendingGIFsPresenter.swift in Sources */ = {isa = PBXBuildFile; fileRef = CF0425B5227D3466006AC3B3 /* TrendingGIFsPresenter.swift */; };
		CF0425B8227D38B1006AC3B3 /* FetchTrendingGIFsUseCase.swift in Sources */ = {isa = PBXBuildFile; fileRef = CF0425B7227D38B1006AC3B3 /* FetchTrendingGIFsUseCase.swift */; };
		CF0425BA227D407A006AC3B3 /* GIF.swift in Sources */ = {isa = PBXBuildFile; fileRef = CF0425B9227D407A006AC3B3 /* GIF.swift */; };
		CF0425BC227D4864006AC3B3 /* TrendingGIFsViewConfigurator.swift in Sources */ = {isa = PBXBuildFile; fileRef = CF0425BB227D4864006AC3B3 /* TrendingGIFsViewConfigurator.swift */; };
		CF8AE17D2283B56E0063BDC2 /* AnimatedGIFView.swift in Sources */ = {isa = PBXBuildFile; fileRef = CF8AE17C2283B56E0063BDC2 /* AnimatedGIFView.swift */; };
		CF8AE17F2283B57A0063BDC2 /* AnimatedGIFView.xib in Resources */ = {isa = PBXBuildFile; fileRef = CF8AE17E2283B57A0063BDC2 /* AnimatedGIFView.xib */; };
		CF8AE1842283C74C0063BDC2 /* RandomGIF.swift in Sources */ = {isa = PBXBuildFile; fileRef = CF8AE1832283C74C0063BDC2 /* RandomGIF.swift */; };
		CF8AE1862284EF670063BDC2 /* Meta.swift in Sources */ = {isa = PBXBuildFile; fileRef = CF8AE1852284EF670063BDC2 /* Meta.swift */; };
		CF8AE18C22864B520063BDC2 /* GiphyLayout.swift in Sources */ = {isa = PBXBuildFile; fileRef = CF8AE18B22864B520063BDC2 /* GiphyLayout.swift */; };
		CFB0C381227D4DAF001A1DAA /* TrendingGIFs.swift in Sources */ = {isa = PBXBuildFile; fileRef = CFB0C380227D4DAF001A1DAA /* TrendingGIFs.swift */; };
		CFB0C383227E594B001A1DAA /* Pagination.swift in Sources */ = {isa = PBXBuildFile; fileRef = CFB0C382227E594B001A1DAA /* Pagination.swift */; };
		CFB0C386227EEDE8001A1DAA /* TrendingGIFCollectionViewCell.xib in Resources */ = {isa = PBXBuildFile; fileRef = CFB0C385227EEDE8001A1DAA /* TrendingGIFCollectionViewCell.xib */; };
		CFB0C388227EF724001A1DAA /* TrendingGIFCollectionViewCell.swift in Sources */ = {isa = PBXBuildFile; fileRef = CFB0C387227EF724001A1DAA /* TrendingGIFCollectionViewCell.swift */; };
		CFBA875B227F00040028DCEE /* GIFViewModel.swift in Sources */ = {isa = PBXBuildFile; fileRef = CFBA875A227F00040028DCEE /* GIFViewModel.swift */; };
		CFBA875D227F07660028DCEE /* GIFImage.swift in Sources */ = {isa = PBXBuildFile; fileRef = CFBA875C227F07660028DCEE /* GIFImage.swift */; };
		CFBA877322824D740028DCEE /* DetailedGIFViewController.swift in Sources */ = {isa = PBXBuildFile; fileRef = CFBA877222824D740028DCEE /* DetailedGIFViewController.swift */; };
		CFBA877522824E060028DCEE /* DetailedGIFViewConfigurator.swift in Sources */ = {isa = PBXBuildFile; fileRef = CFBA877422824E060028DCEE /* DetailedGIFViewConfigurator.swift */; };
		CFBA877722824E920028DCEE /* DetailedGIFPresenter.swift in Sources */ = {isa = PBXBuildFile; fileRef = CFBA877622824E920028DCEE /* DetailedGIFPresenter.swift */; };
		CFBA877B22824FED0028DCEE /* FetchRandomGIFUseCase.swift in Sources */ = {isa = PBXBuildFile; fileRef = CFBA877A22824FED0028DCEE /* FetchRandomGIFUseCase.swift */; };
		CFBA877F22836A560028DCEE /* GIFView.xib in Resources */ = {isa = PBXBuildFile; fileRef = CFBA877E22836A560028DCEE /* GIFView.xib */; };
		CFBA878322836B1A0028DCEE /* GIFView.swift in Sources */ = {isa = PBXBuildFile; fileRef = CFBA878222836B1A0028DCEE /* GIFView.swift */; };
		CFBA8785228371A10028DCEE /* TrendingGIFsViewRouter.swift in Sources */ = {isa = PBXBuildFile; fileRef = CFBA8784228371A10028DCEE /* TrendingGIFsViewRouter.swift */; };
		CFCF56F1227BC76D007E9EBC /* HTTPMethod.swift in Sources */ = {isa = PBXBuildFile; fileRef = CFCF56F0227BC76D007E9EBC /* HTTPMethod.swift */; };
		CFCF56F3227BCA13007E9EBC /* EndPointProtocol.swift in Sources */ = {isa = PBXBuildFile; fileRef = CFCF56F2227BCA13007E9EBC /* EndPointProtocol.swift */; };
		CFCF56F5227BCB8F007E9EBC /* ProviderProtocol.swift in Sources */ = {isa = PBXBuildFile; fileRef = CFCF56F4227BCB8F007E9EBC /* ProviderProtocol.swift */; };
		CFCF56F7227BCF88007E9EBC /* Result.swift in Sources */ = {isa = PBXBuildFile; fileRef = CFCF56F6227BCF88007E9EBC /* Result.swift */; };
		CFCF56F9227D08F1007E9EBC /* URLEncoder.swift in Sources */ = {isa = PBXBuildFile; fileRef = CFCF56F8227D08F1007E9EBC /* URLEncoder.swift */; };
		CFCF56FB227D0B0C007E9EBC /* URLSessionHandler.swift in Sources */ = {isa = PBXBuildFile; fileRef = CFCF56FA227D0B0C007E9EBC /* URLSessionHandler.swift */; };
		CFCF56FD227D0BFB007E9EBC /* URLSessionProtocol.swift in Sources */ = {isa = PBXBuildFile; fileRef = CFCF56FC227D0BFB007E9EBC /* URLSessionProtocol.swift */; };
		CFCF56FF227D0D11007E9EBC /* NetworkError.swift in Sources */ = {isa = PBXBuildFile; fileRef = CFCF56FE227D0D11007E9EBC /* NetworkError.swift */; };
		CFCF5708227D18FA007E9EBC /* URLRequestExtension.swift in Sources */ = {isa = PBXBuildFile; fileRef = CFCF5707227D18FA007E9EBC /* URLRequestExtension.swift */; };
		CFCF570A227D1961007E9EBC /* URLComponentExtension.swift in Sources */ = {isa = PBXBuildFile; fileRef = CFCF5709227D1961007E9EBC /* URLComponentExtension.swift */; };
		CFCF570E227D1EE2007E9EBC /* GiphyRequest.swift in Sources */ = {isa = PBXBuildFile; fileRef = CFCF570D227D1EE2007E9EBC /* GiphyRequest.swift */; };
		CFF39F942279ADDC009EC531 /* AppDelegate.swift in Sources */ = {isa = PBXBuildFile; fileRef = CFF39F932279ADDC009EC531 /* AppDelegate.swift */; };
		CFF39F992279ADDC009EC531 /* Main.storyboard in Resources */ = {isa = PBXBuildFile; fileRef = CFF39F972279ADDC009EC531 /* Main.storyboard */; };
		CFF39F9B2279ADDC009EC531 /* Assets.xcassets in Resources */ = {isa = PBXBuildFile; fileRef = CFF39F9A2279ADDC009EC531 /* Assets.xcassets */; };
		CFF39F9E2279ADDC009EC531 /* LaunchScreen.storyboard in Resources */ = {isa = PBXBuildFile; fileRef = CFF39F9C2279ADDC009EC531 /* LaunchScreen.storyboard */; };
		CFF39FA92279ADDC009EC531 /* TrendingGIFsTests.swift in Sources */ = {isa = PBXBuildFile; fileRef = CFF39FA82279ADDC009EC531 /* TrendingGIFsTests.swift */; };
		CFF39FB42279ADDC009EC531 /* TrendingGIFsUITests.swift in Sources */ = {isa = PBXBuildFile; fileRef = CFF39FB32279ADDC009EC531 /* TrendingGIFsUITests.swift */; };
		FC99B7E9F66727CC664BD463 /* libPods-TrendingGIFs.a in Frameworks */ = {isa = PBXBuildFile; fileRef = 9D05A655FB21BCE8CFE4300E /* libPods-TrendingGIFs.a */; };
/* End PBXBuildFile section */

/* Begin PBXContainerItemProxy section */
		CFF39FA52279ADDC009EC531 /* PBXContainerItemProxy */ = {
			isa = PBXContainerItemProxy;
			containerPortal = CFF39F882279ADDC009EC531 /* Project object */;
			proxyType = 1;
			remoteGlobalIDString = CFF39F8F2279ADDC009EC531;
			remoteInfo = TrendingGIFs;
		};
		CFF39FB02279ADDC009EC531 /* PBXContainerItemProxy */ = {
			isa = PBXContainerItemProxy;
			containerPortal = CFF39F882279ADDC009EC531 /* Project object */;
			proxyType = 1;
			remoteGlobalIDString = CFF39F8F2279ADDC009EC531;
			remoteInfo = TrendingGIFs;
		};
/* End PBXContainerItemProxy section */

/* Begin PBXFileReference section */
		06546BF87D71339A20338BE6 /* Pods-TrendingGIFsTests.debug.xcconfig */ = {isa = PBXFileReference; includeInIndex = 1; lastKnownFileType = text.xcconfig; name = "Pods-TrendingGIFsTests.debug.xcconfig"; path = "Pods/Target Support Files/Pods-TrendingGIFsTests/Pods-TrendingGIFsTests.debug.xcconfig"; sourceTree = "<group>"; };
		6F7D4EA4272F6635C7FA989F /* Pods-TrendingGIFs.debug.xcconfig */ = {isa = PBXFileReference; includeInIndex = 1; lastKnownFileType = text.xcconfig; name = "Pods-TrendingGIFs.debug.xcconfig"; path = "Pods/Target Support Files/Pods-TrendingGIFs/Pods-TrendingGIFs.debug.xcconfig"; sourceTree = "<group>"; };
		9D05A655FB21BCE8CFE4300E /* libPods-TrendingGIFs.a */ = {isa = PBXFileReference; explicitFileType = archive.ar; includeInIndex = 0; path = "libPods-TrendingGIFs.a"; sourceTree = BUILT_PRODUCTS_DIR; };
		A89E990C8DAC65A3DAE17869 /* Pods-TrendingGIFs.release.xcconfig */ = {isa = PBXFileReference; includeInIndex = 1; lastKnownFileType = text.xcconfig; name = "Pods-TrendingGIFs.release.xcconfig"; path = "Pods/Target Support Files/Pods-TrendingGIFs/Pods-TrendingGIFs.release.xcconfig"; sourceTree = "<group>"; };
		AFD88FEB41AD7268E176D908 /* Pods-TrendingGIFsTests.release.xcconfig */ = {isa = PBXFileReference; includeInIndex = 1; lastKnownFileType = text.xcconfig; name = "Pods-TrendingGIFsTests.release.xcconfig"; path = "Pods/Target Support Files/Pods-TrendingGIFsTests/Pods-TrendingGIFsTests.release.xcconfig"; sourceTree = "<group>"; };
		BF15025072EDBC9834726677 /* Pods-TrendingGIFsUITests.debug.xcconfig */ = {isa = PBXFileReference; includeInIndex = 1; lastKnownFileType = text.xcconfig; name = "Pods-TrendingGIFsUITests.debug.xcconfig"; path = "Pods/Target Support Files/Pods-TrendingGIFsUITests/Pods-TrendingGIFsUITests.debug.xcconfig"; sourceTree = "<group>"; };
		C958F0E795474F5E58F15832 /* libPods-TrendingGIFsTests.a */ = {isa = PBXFileReference; explicitFileType = archive.ar; includeInIndex = 0; path = "libPods-TrendingGIFsTests.a"; sourceTree = BUILT_PRODUCTS_DIR; };
		CF0425B3227D343B006AC3B3 /* TrendingGIFsViewController.swift */ = {isa = PBXFileReference; lastKnownFileType = sourcecode.swift; path = TrendingGIFsViewController.swift; sourceTree = "<group>"; };
		CF0425B5227D3466006AC3B3 /* TrendingGIFsPresenter.swift */ = {isa = PBXFileReference; lastKnownFileType = sourcecode.swift; path = TrendingGIFsPresenter.swift; sourceTree = "<group>"; };
		CF0425B7227D38B1006AC3B3 /* FetchTrendingGIFsUseCase.swift */ = {isa = PBXFileReference; lastKnownFileType = sourcecode.swift; path = FetchTrendingGIFsUseCase.swift; sourceTree = "<group>"; };
		CF0425B9227D407A006AC3B3 /* GIF.swift */ = {isa = PBXFileReference; lastKnownFileType = sourcecode.swift; path = GIF.swift; sourceTree = "<group>"; };
		CF0425BB227D4864006AC3B3 /* TrendingGIFsViewConfigurator.swift */ = {isa = PBXFileReference; lastKnownFileType = sourcecode.swift; path = TrendingGIFsViewConfigurator.swift; sourceTree = "<group>"; };
		CF8AE17C2283B56E0063BDC2 /* AnimatedGIFView.swift */ = {isa = PBXFileReference; lastKnownFileType = sourcecode.swift; path = AnimatedGIFView.swift; sourceTree = "<group>"; };
		CF8AE17E2283B57A0063BDC2 /* AnimatedGIFView.xib */ = {isa = PBXFileReference; lastKnownFileType = file.xib; path = AnimatedGIFView.xib; sourceTree = "<group>"; };
		CF8AE1832283C74C0063BDC2 /* RandomGIF.swift */ = {isa = PBXFileReference; lastKnownFileType = sourcecode.swift; path = RandomGIF.swift; sourceTree = "<group>"; };
		CF8AE1852284EF670063BDC2 /* Meta.swift */ = {isa = PBXFileReference; lastKnownFileType = sourcecode.swift; path = Meta.swift; sourceTree = "<group>"; };
		CF8AE18B22864B520063BDC2 /* GiphyLayout.swift */ = {isa = PBXFileReference; fileEncoding = 4; lastKnownFileType = sourcecode.swift; path = GiphyLayout.swift; sourceTree = "<group>"; };
		CFB0C380227D4DAF001A1DAA /* TrendingGIFs.swift */ = {isa = PBXFileReference; lastKnownFileType = sourcecode.swift; path = TrendingGIFs.swift; sourceTree = "<group>"; };
		CFB0C382227E594B001A1DAA /* Pagination.swift */ = {isa = PBXFileReference; lastKnownFileType = sourcecode.swift; path = Pagination.swift; sourceTree = "<group>"; };
		CFB0C385227EEDE8001A1DAA /* TrendingGIFCollectionViewCell.xib */ = {isa = PBXFileReference; lastKnownFileType = file.xib; path = TrendingGIFCollectionViewCell.xib; sourceTree = "<group>"; };
		CFB0C387227EF724001A1DAA /* TrendingGIFCollectionViewCell.swift */ = {isa = PBXFileReference; lastKnownFileType = sourcecode.swift; path = TrendingGIFCollectionViewCell.swift; sourceTree = "<group>"; };
		CFBA875A227F00040028DCEE /* GIFViewModel.swift */ = {isa = PBXFileReference; lastKnownFileType = sourcecode.swift; path = GIFViewModel.swift; sourceTree = "<group>"; };
		CFBA875C227F07660028DCEE /* GIFImage.swift */ = {isa = PBXFileReference; lastKnownFileType = sourcecode.swift; path = GIFImage.swift; sourceTree = "<group>"; };
		CFBA877222824D740028DCEE /* DetailedGIFViewController.swift */ = {isa = PBXFileReference; lastKnownFileType = sourcecode.swift; path = DetailedGIFViewController.swift; sourceTree = "<group>"; };
		CFBA877422824E060028DCEE /* DetailedGIFViewConfigurator.swift */ = {isa = PBXFileReference; lastKnownFileType = sourcecode.swift; path = DetailedGIFViewConfigurator.swift; sourceTree = "<group>"; };
		CFBA877622824E920028DCEE /* DetailedGIFPresenter.swift */ = {isa = PBXFileReference; lastKnownFileType = sourcecode.swift; path = DetailedGIFPresenter.swift; sourceTree = "<group>"; };
		CFBA877A22824FED0028DCEE /* FetchRandomGIFUseCase.swift */ = {isa = PBXFileReference; lastKnownFileType = sourcecode.swift; path = FetchRandomGIFUseCase.swift; sourceTree = "<group>"; };
		CFBA877E22836A560028DCEE /* GIFView.xib */ = {isa = PBXFileReference; lastKnownFileType = file.xib; path = GIFView.xib; sourceTree = "<group>"; };
		CFBA878222836B1A0028DCEE /* GIFView.swift */ = {isa = PBXFileReference; lastKnownFileType = sourcecode.swift; path = GIFView.swift; sourceTree = "<group>"; };
		CFBA8784228371A10028DCEE /* TrendingGIFsViewRouter.swift */ = {isa = PBXFileReference; lastKnownFileType = sourcecode.swift; path = TrendingGIFsViewRouter.swift; sourceTree = "<group>"; };
		CFCF56F0227BC76D007E9EBC /* HTTPMethod.swift */ = {isa = PBXFileReference; lastKnownFileType = sourcecode.swift; path = HTTPMethod.swift; sourceTree = "<group>"; };
		CFCF56F2227BCA13007E9EBC /* EndPointProtocol.swift */ = {isa = PBXFileReference; lastKnownFileType = sourcecode.swift; path = EndPointProtocol.swift; sourceTree = "<group>"; };
		CFCF56F4227BCB8F007E9EBC /* ProviderProtocol.swift */ = {isa = PBXFileReference; lastKnownFileType = sourcecode.swift; path = ProviderProtocol.swift; sourceTree = "<group>"; };
		CFCF56F6227BCF88007E9EBC /* Result.swift */ = {isa = PBXFileReference; lastKnownFileType = sourcecode.swift; path = Result.swift; sourceTree = "<group>"; };
		CFCF56F8227D08F1007E9EBC /* URLEncoder.swift */ = {isa = PBXFileReference; lastKnownFileType = sourcecode.swift; path = URLEncoder.swift; sourceTree = "<group>"; };
		CFCF56FA227D0B0C007E9EBC /* URLSessionHandler.swift */ = {isa = PBXFileReference; lastKnownFileType = sourcecode.swift; path = URLSessionHandler.swift; sourceTree = "<group>"; };
		CFCF56FC227D0BFB007E9EBC /* URLSessionProtocol.swift */ = {isa = PBXFileReference; lastKnownFileType = sourcecode.swift; path = URLSessionProtocol.swift; sourceTree = "<group>"; };
		CFCF56FE227D0D11007E9EBC /* NetworkError.swift */ = {isa = PBXFileReference; lastKnownFileType = sourcecode.swift; path = NetworkError.swift; sourceTree = "<group>"; };
		CFCF5707227D18FA007E9EBC /* URLRequestExtension.swift */ = {isa = PBXFileReference; lastKnownFileType = sourcecode.swift; path = URLRequestExtension.swift; sourceTree = "<group>"; };
		CFCF5709227D1961007E9EBC /* URLComponentExtension.swift */ = {isa = PBXFileReference; lastKnownFileType = sourcecode.swift; path = URLComponentExtension.swift; sourceTree = "<group>"; };
		CFCF570D227D1EE2007E9EBC /* GiphyRequest.swift */ = {isa = PBXFileReference; lastKnownFileType = sourcecode.swift; path = GiphyRequest.swift; sourceTree = "<group>"; };
		CFF39F902279ADDC009EC531 /* TrendingGIFs.app */ = {isa = PBXFileReference; explicitFileType = wrapper.application; includeInIndex = 0; path = TrendingGIFs.app; sourceTree = BUILT_PRODUCTS_DIR; };
		CFF39F932279ADDC009EC531 /* AppDelegate.swift */ = {isa = PBXFileReference; lastKnownFileType = sourcecode.swift; path = AppDelegate.swift; sourceTree = "<group>"; };
		CFF39F982279ADDC009EC531 /* Base */ = {isa = PBXFileReference; lastKnownFileType = file.storyboard; name = Base; path = Base.lproj/Main.storyboard; sourceTree = "<group>"; };
		CFF39F9A2279ADDC009EC531 /* Assets.xcassets */ = {isa = PBXFileReference; lastKnownFileType = folder.assetcatalog; path = Assets.xcassets; sourceTree = "<group>"; };
		CFF39F9D2279ADDC009EC531 /* Base */ = {isa = PBXFileReference; lastKnownFileType = file.storyboard; name = Base; path = Base.lproj/LaunchScreen.storyboard; sourceTree = "<group>"; };
		CFF39F9F2279ADDC009EC531 /* Info.plist */ = {isa = PBXFileReference; lastKnownFileType = text.plist.xml; path = Info.plist; sourceTree = "<group>"; };
		CFF39FA42279ADDC009EC531 /* TrendingGIFsTests.xctest */ = {isa = PBXFileReference; explicitFileType = wrapper.cfbundle; includeInIndex = 0; path = TrendingGIFsTests.xctest; sourceTree = BUILT_PRODUCTS_DIR; };
		CFF39FA82279ADDC009EC531 /* TrendingGIFsTests.swift */ = {isa = PBXFileReference; lastKnownFileType = sourcecode.swift; path = TrendingGIFsTests.swift; sourceTree = "<group>"; };
		CFF39FAA2279ADDC009EC531 /* Info.plist */ = {isa = PBXFileReference; lastKnownFileType = text.plist.xml; path = Info.plist; sourceTree = "<group>"; };
		CFF39FAF2279ADDC009EC531 /* TrendingGIFsUITests.xctest */ = {isa = PBXFileReference; explicitFileType = wrapper.cfbundle; includeInIndex = 0; path = TrendingGIFsUITests.xctest; sourceTree = BUILT_PRODUCTS_DIR; };
		CFF39FB32279ADDC009EC531 /* TrendingGIFsUITests.swift */ = {isa = PBXFileReference; lastKnownFileType = sourcecode.swift; path = TrendingGIFsUITests.swift; sourceTree = "<group>"; };
		CFF39FB52279ADDC009EC531 /* Info.plist */ = {isa = PBXFileReference; lastKnownFileType = text.plist.xml; path = Info.plist; sourceTree = "<group>"; };
		D73BCBB167AB6BA10B03A390 /* Pods-TrendingGIFsUITests.release.xcconfig */ = {isa = PBXFileReference; includeInIndex = 1; lastKnownFileType = text.xcconfig; name = "Pods-TrendingGIFsUITests.release.xcconfig"; path = "Pods/Target Support Files/Pods-TrendingGIFsUITests/Pods-TrendingGIFsUITests.release.xcconfig"; sourceTree = "<group>"; };
		F1436EE1F673D861F225432A /* libPods-TrendingGIFsUITests.a */ = {isa = PBXFileReference; explicitFileType = archive.ar; includeInIndex = 0; path = "libPods-TrendingGIFsUITests.a"; sourceTree = BUILT_PRODUCTS_DIR; };
/* End PBXFileReference section */

/* Begin PBXFrameworksBuildPhase section */
		CFF39F8D2279ADDC009EC531 /* Frameworks */ = {
			isa = PBXFrameworksBuildPhase;
			buildActionMask = 2147483647;
			files = (
				FC99B7E9F66727CC664BD463 /* libPods-TrendingGIFs.a in Frameworks */,
			);
			runOnlyForDeploymentPostprocessing = 0;
		};
		CFF39FA12279ADDC009EC531 /* Frameworks */ = {
			isa = PBXFrameworksBuildPhase;
			buildActionMask = 2147483647;
			files = (
				5817E9C8A5B9738DFC48150B /* libPods-TrendingGIFsTests.a in Frameworks */,
			);
			runOnlyForDeploymentPostprocessing = 0;
		};
		CFF39FAC2279ADDC009EC531 /* Frameworks */ = {
			isa = PBXFrameworksBuildPhase;
			buildActionMask = 2147483647;
			files = (
				A2600992C65D00B09C01D714 /* libPods-TrendingGIFsUITests.a in Frameworks */,
			);
			runOnlyForDeploymentPostprocessing = 0;
		};
/* End PBXFrameworksBuildPhase section */

/* Begin PBXGroup section */
		615FE454CC4C2DC18418B540 /* Frameworks */ = {
			isa = PBXGroup;
			children = (
				9D05A655FB21BCE8CFE4300E /* libPods-TrendingGIFs.a */,
				C958F0E795474F5E58F15832 /* libPods-TrendingGIFsTests.a */,
				F1436EE1F673D861F225432A /* libPods-TrendingGIFsUITests.a */,
			);
			name = Frameworks;
			sourceTree = "<group>";
		};
		6B5743266A39832AA9F19E73 /* Pods */ = {
			isa = PBXGroup;
			children = (
				6F7D4EA4272F6635C7FA989F /* Pods-TrendingGIFs.debug.xcconfig */,
				A89E990C8DAC65A3DAE17869 /* Pods-TrendingGIFs.release.xcconfig */,
				06546BF87D71339A20338BE6 /* Pods-TrendingGIFsTests.debug.xcconfig */,
				AFD88FEB41AD7268E176D908 /* Pods-TrendingGIFsTests.release.xcconfig */,
				BF15025072EDBC9834726677 /* Pods-TrendingGIFsUITests.debug.xcconfig */,
				D73BCBB167AB6BA10B03A390 /* Pods-TrendingGIFsUITests.release.xcconfig */,
			);
			name = Pods;
			sourceTree = "<group>";
		};
		CF0425AC227D33DC006AC3B3 /* Models */ = {
			isa = PBXGroup;
			children = (
				CF0425B9227D407A006AC3B3 /* GIF.swift */,
				CFB0C380227D4DAF001A1DAA /* TrendingGIFs.swift */,
				CFB0C382227E594B001A1DAA /* Pagination.swift */,
				CFBA875C227F07660028DCEE /* GIFImage.swift */,
				CF8AE1852284EF670063BDC2 /* Meta.swift */,
			);
			path = Models;
			sourceTree = "<group>";
		};
		CF0425AF227D33DD006AC3B3 /* Router */ = {
			isa = PBXGroup;
			children = (
				CFBA8784228371A10028DCEE /* TrendingGIFsViewRouter.swift */,
			);
			path = Router;
			sourceTree = "<group>";
		};
		CF0425B0227D33DD006AC3B3 /* Presenter */ = {
			isa = PBXGroup;
			children = (
				CF0425B5227D3466006AC3B3 /* TrendingGIFsPresenter.swift */,
			);
			path = Presenter;
			sourceTree = "<group>";
		};
		CF0425B1227D33DD006AC3B3 /* UseCase */ = {
			isa = PBXGroup;
			children = (
				CF0425B7227D38B1006AC3B3 /* FetchTrendingGIFsUseCase.swift */,
			);
			path = UseCase;
			sourceTree = "<group>";
		};
		CF0425B2227D33DD006AC3B3 /* ViewController */ = {
			isa = PBXGroup;
			children = (
				CF0425B3227D343B006AC3B3 /* TrendingGIFsViewController.swift */,
				CF0425BB227D4864006AC3B3 /* TrendingGIFsViewConfigurator.swift */,
			);
			path = ViewController;
			sourceTree = "<group>";
		};
		CF8AE1822283C73E0063BDC2 /* Models */ = {
			isa = PBXGroup;
			children = (
				CF8AE1832283C74C0063BDC2 /* RandomGIF.swift */,
			);
			path = Models;
			sourceTree = "<group>";
		};
		CFB0C384227EEDC8001A1DAA /* CustomViews */ = {
			isa = PBXGroup;
			children = (
				CFBA877E22836A560028DCEE /* GIFView.xib */,
				CFBA878222836B1A0028DCEE /* GIFView.swift */,
				CFB0C385227EEDE8001A1DAA /* TrendingGIFCollectionViewCell.xib */,
				CFB0C387227EF724001A1DAA /* TrendingGIFCollectionViewCell.swift */,
				CFBA875A227F00040028DCEE /* GIFViewModel.swift */,
				CF8AE18B22864B520063BDC2 /* GiphyLayout.swift */,
			);
			path = CustomViews;
			sourceTree = "<group>";
		};
		CFBA876C22824D4D0028DCEE /* DetailedGIFScene */ = {
			isa = PBXGroup;
			children = (
				CFBA876D22824D4D0028DCEE /* CustomViews */,
				CFBA877122824D4D0028DCEE /* ViewController */,
				CFBA876E22824D4D0028DCEE /* Presenter */,
				CFBA877022824D4D0028DCEE /* UseCase */,
				CF8AE1822283C73E0063BDC2 /* Models */,
			);
			path = DetailedGIFScene;
			sourceTree = "<group>";
		};
		CFBA876D22824D4D0028DCEE /* CustomViews */ = {
			isa = PBXGroup;
			children = (
				CF8AE17C2283B56E0063BDC2 /* AnimatedGIFView.swift */,
				CF8AE17E2283B57A0063BDC2 /* AnimatedGIFView.xib */,
			);
			path = CustomViews;
			sourceTree = "<group>";
		};
		CFBA876E22824D4D0028DCEE /* Presenter */ = {
			isa = PBXGroup;
			children = (
				CFBA877622824E920028DCEE /* DetailedGIFPresenter.swift */,
			);
			path = Presenter;
			sourceTree = "<group>";
		};
		CFBA877022824D4D0028DCEE /* UseCase */ = {
			isa = PBXGroup;
			children = (
				CFBA877A22824FED0028DCEE /* FetchRandomGIFUseCase.swift */,
			);
			path = UseCase;
			sourceTree = "<group>";
		};
		CFBA877122824D4D0028DCEE /* ViewController */ = {
			isa = PBXGroup;
			children = (
				CFBA877222824D740028DCEE /* DetailedGIFViewController.swift */,
				CFBA877422824E060028DCEE /* DetailedGIFViewConfigurator.swift */,
			);
			path = ViewController;
			sourceTree = "<group>";
		};
		CFCF56EB227BC381007E9EBC /* NetworkLayer */ = {
			isa = PBXGroup;
			children = (
				CFCF56FA227D0B0C007E9EBC /* URLSessionHandler.swift */,
				CFCF5700227D0F7A007E9EBC /* Extensions */,
				CFCF56EC227BC381007E9EBC /* Enums */,
				CFCF56ED227BC381007E9EBC /* Protocols */,
				CFCF570F227D222C007E9EBC /* Helpers */,
			);
			path = NetworkLayer;
			sourceTree = "<group>";
		};
		CFCF56EC227BC381007E9EBC /* Enums */ = {
			isa = PBXGroup;
			children = (
				CFCF56F0227BC76D007E9EBC /* HTTPMethod.swift */,
				CFCF56F6227BCF88007E9EBC /* Result.swift */,
				CFCF56FE227D0D11007E9EBC /* NetworkError.swift */,
			);
			path = Enums;
			sourceTree = "<group>";
		};
		CFCF56ED227BC381007E9EBC /* Protocols */ = {
			isa = PBXGroup;
			children = (
				CFCF56F2227BCA13007E9EBC /* EndPointProtocol.swift */,
				CFCF56F4227BCB8F007E9EBC /* ProviderProtocol.swift */,
				CFCF56F8227D08F1007E9EBC /* URLEncoder.swift */,
				CFCF56FC227D0BFB007E9EBC /* URLSessionProtocol.swift */,
			);
			path = Protocols;
			sourceTree = "<group>";
		};
		CFCF5700227D0F7A007E9EBC /* Extensions */ = {
			isa = PBXGroup;
			children = (
				CFCF5707227D18FA007E9EBC /* URLRequestExtension.swift */,
				CFCF5709227D1961007E9EBC /* URLComponentExtension.swift */,
			);
			path = Extensions;
			sourceTree = "<group>";
		};
		CFCF570B227D1EB2007E9EBC /* TrendingGIFsScene */ = {
			isa = PBXGroup;
			children = (
				CFB0C384227EEDC8001A1DAA /* CustomViews */,
				CF0425B2227D33DD006AC3B3 /* ViewController */,
				CF0425B0227D33DD006AC3B3 /* Presenter */,
				CF0425AF227D33DD006AC3B3 /* Router */,
				CF0425B1227D33DD006AC3B3 /* UseCase */,
				CFCF570C227D1ED4007E9EBC /* Request */,
				CF0425AC227D33DC006AC3B3 /* Models */,
			);
			path = TrendingGIFsScene;
			sourceTree = "<group>";
		};
		CFCF570C227D1ED4007E9EBC /* Request */ = {
			isa = PBXGroup;
			children = (
				CFCF570D227D1EE2007E9EBC /* GiphyRequest.swift */,
			);
			path = Request;
			sourceTree = "<group>";
		};
		CFCF570F227D222C007E9EBC /* Helpers */ = {
			isa = PBXGroup;
			children = (
			);
			path = Helpers;
			sourceTree = "<group>";
		};
		CFF39F872279ADDC009EC531 = {
			isa = PBXGroup;
			children = (
				CFF39F922279ADDC009EC531 /* TrendingGIFs */,
				CFF39FA72279ADDC009EC531 /* TrendingGIFsTests */,
				CFF39FB22279ADDC009EC531 /* TrendingGIFsUITests */,
				CFF39F912279ADDC009EC531 /* Products */,
				6B5743266A39832AA9F19E73 /* Pods */,
				615FE454CC4C2DC18418B540 /* Frameworks */,
			);
			sourceTree = "<group>";
		};
		CFF39F912279ADDC009EC531 /* Products */ = {
			isa = PBXGroup;
			children = (
				CFF39F902279ADDC009EC531 /* TrendingGIFs.app */,
				CFF39FA42279ADDC009EC531 /* TrendingGIFsTests.xctest */,
				CFF39FAF2279ADDC009EC531 /* TrendingGIFsUITests.xctest */,
			);
			name = Products;
			sourceTree = "<group>";
		};
		CFF39F922279ADDC009EC531 /* TrendingGIFs */ = {
			isa = PBXGroup;
			children = (
				CFBA876C22824D4D0028DCEE /* DetailedGIFScene */,
				CFCF570B227D1EB2007E9EBC /* TrendingGIFsScene */,
				CFCF56EB227BC381007E9EBC /* NetworkLayer */,
				CFF39F932279ADDC009EC531 /* AppDelegate.swift */,
				CFF39F972279ADDC009EC531 /* Main.storyboard */,
				CFF39F9A2279ADDC009EC531 /* Assets.xcassets */,
				CFF39F9C2279ADDC009EC531 /* LaunchScreen.storyboard */,
				CFF39F9F2279ADDC009EC531 /* Info.plist */,
			);
			path = TrendingGIFs;
			sourceTree = "<group>";
		};
		CFF39FA72279ADDC009EC531 /* TrendingGIFsTests */ = {
			isa = PBXGroup;
			children = (
				CFF39FA82279ADDC009EC531 /* TrendingGIFsTests.swift */,
				CFF39FAA2279ADDC009EC531 /* Info.plist */,
			);
			path = TrendingGIFsTests;
			sourceTree = "<group>";
		};
		CFF39FB22279ADDC009EC531 /* TrendingGIFsUITests */ = {
			isa = PBXGroup;
			children = (
				CFF39FB32279ADDC009EC531 /* TrendingGIFsUITests.swift */,
				CFF39FB52279ADDC009EC531 /* Info.plist */,
			);
			path = TrendingGIFsUITests;
			sourceTree = "<group>";
		};
/* End PBXGroup section */

/* Begin PBXNativeTarget section */
		CFF39F8F2279ADDC009EC531 /* TrendingGIFs */ = {
			isa = PBXNativeTarget;
			buildConfigurationList = CFF39FB82279ADDC009EC531 /* Build configuration list for PBXNativeTarget "TrendingGIFs" */;
			buildPhases = (
				517F7328B07996C514A3571A /* [CP] Check Pods Manifest.lock */,
				CFF39F8C2279ADDC009EC531 /* Sources */,
				CFF39F8D2279ADDC009EC531 /* Frameworks */,
				CFF39F8E2279ADDC009EC531 /* Resources */,
			);
			buildRules = (
			);
			dependencies = (
			);
			name = TrendingGIFs;
			productName = TrendingGIFs;
			productReference = CFF39F902279ADDC009EC531 /* TrendingGIFs.app */;
			productType = "com.apple.product-type.application";
		};
		CFF39FA32279ADDC009EC531 /* TrendingGIFsTests */ = {
			isa = PBXNativeTarget;
			buildConfigurationList = CFF39FBB2279ADDC009EC531 /* Build configuration list for PBXNativeTarget "TrendingGIFsTests" */;
			buildPhases = (
				A6A9F4603EC54BCB6183D040 /* [CP] Check Pods Manifest.lock */,
				CFF39FA02279ADDC009EC531 /* Sources */,
				CFF39FA12279ADDC009EC531 /* Frameworks */,
				CFF39FA22279ADDC009EC531 /* Resources */,
			);
			buildRules = (
			);
			dependencies = (
				CFF39FA62279ADDC009EC531 /* PBXTargetDependency */,
			);
			name = TrendingGIFsTests;
			productName = TrendingGIFsTests;
			productReference = CFF39FA42279ADDC009EC531 /* TrendingGIFsTests.xctest */;
			productType = "com.apple.product-type.bundle.unit-test";
		};
		CFF39FAE2279ADDC009EC531 /* TrendingGIFsUITests */ = {
			isa = PBXNativeTarget;
			buildConfigurationList = CFF39FBE2279ADDC009EC531 /* Build configuration list for PBXNativeTarget "TrendingGIFsUITests" */;
			buildPhases = (
				C8456E3BE7880C4A72A5375E /* [CP] Check Pods Manifest.lock */,
				CFF39FAB2279ADDC009EC531 /* Sources */,
				CFF39FAC2279ADDC009EC531 /* Frameworks */,
				CFF39FAD2279ADDC009EC531 /* Resources */,
			);
			buildRules = (
			);
			dependencies = (
				CFF39FB12279ADDC009EC531 /* PBXTargetDependency */,
			);
			name = TrendingGIFsUITests;
			productName = TrendingGIFsUITests;
			productReference = CFF39FAF2279ADDC009EC531 /* TrendingGIFsUITests.xctest */;
			productType = "com.apple.product-type.bundle.ui-testing";
		};
/* End PBXNativeTarget section */

/* Begin PBXProject section */
		CFF39F882279ADDC009EC531 /* Project object */ = {
			isa = PBXProject;
			attributes = {
				LastSwiftUpdateCheck = 0900;
				LastUpgradeCheck = 1010;
				ORGANIZATIONNAME = "Sana Elshazly";
				TargetAttributes = {
					CFF39F8F2279ADDC009EC531 = {
						CreatedOnToolsVersion = 9.0.1;
						ProvisioningStyle = Automatic;
					};
					CFF39FA32279ADDC009EC531 = {
						CreatedOnToolsVersion = 9.0.1;
						ProvisioningStyle = Automatic;
						TestTargetID = CFF39F8F2279ADDC009EC531;
					};
					CFF39FAE2279ADDC009EC531 = {
						CreatedOnToolsVersion = 9.0.1;
						ProvisioningStyle = Automatic;
						TestTargetID = CFF39F8F2279ADDC009EC531;
					};
				};
			};
			buildConfigurationList = CFF39F8B2279ADDC009EC531 /* Build configuration list for PBXProject "TrendingGIFs" */;
			compatibilityVersion = "Xcode 8.0";
			developmentRegion = en;
			hasScannedForEncodings = 0;
			knownRegions = (
				en,
				Base,
			);
			mainGroup = CFF39F872279ADDC009EC531;
			productRefGroup = CFF39F912279ADDC009EC531 /* Products */;
			projectDirPath = "";
			projectRoot = "";
			targets = (
				CFF39F8F2279ADDC009EC531 /* TrendingGIFs */,
				CFF39FA32279ADDC009EC531 /* TrendingGIFsTests */,
				CFF39FAE2279ADDC009EC531 /* TrendingGIFsUITests */,
			);
		};
/* End PBXProject section */

/* Begin PBXResourcesBuildPhase section */
		CFF39F8E2279ADDC009EC531 /* Resources */ = {
			isa = PBXResourcesBuildPhase;
			buildActionMask = 2147483647;
			files = (
				CFF39F9E2279ADDC009EC531 /* LaunchScreen.storyboard in Resources */,
				CFB0C386227EEDE8001A1DAA /* TrendingGIFCollectionViewCell.xib in Resources */,
				CFBA877F22836A560028DCEE /* GIFView.xib in Resources */,
				CFF39F9B2279ADDC009EC531 /* Assets.xcassets in Resources */,
				CF8AE17F2283B57A0063BDC2 /* AnimatedGIFView.xib in Resources */,
				CFF39F992279ADDC009EC531 /* Main.storyboard in Resources */,
			);
			runOnlyForDeploymentPostprocessing = 0;
		};
		CFF39FA22279ADDC009EC531 /* Resources */ = {
			isa = PBXResourcesBuildPhase;
			buildActionMask = 2147483647;
			files = (
			);
			runOnlyForDeploymentPostprocessing = 0;
		};
		CFF39FAD2279ADDC009EC531 /* Resources */ = {
			isa = PBXResourcesBuildPhase;
			buildActionMask = 2147483647;
			files = (
			);
			runOnlyForDeploymentPostprocessing = 0;
		};
/* End PBXResourcesBuildPhase section */

/* Begin PBXShellScriptBuildPhase section */
		517F7328B07996C514A3571A /* [CP] Check Pods Manifest.lock */ = {
			isa = PBXShellScriptBuildPhase;
			buildActionMask = 2147483647;
			files = (
			);
			inputPaths = (
				"${PODS_PODFILE_DIR_PATH}/Podfile.lock",
				"${PODS_ROOT}/Manifest.lock",
			);
			name = "[CP] Check Pods Manifest.lock";
			outputPaths = (
				"$(DERIVED_FILE_DIR)/Pods-TrendingGIFs-checkManifestLockResult.txt",
			);
			runOnlyForDeploymentPostprocessing = 0;
			shellPath = /bin/sh;
			shellScript = "diff \"${PODS_PODFILE_DIR_PATH}/Podfile.lock\" \"${PODS_ROOT}/Manifest.lock\" > /dev/null\nif [ $? != 0 ] ; then\n    # print error to STDERR\n    echo \"error: The sandbox is not in sync with the Podfile.lock. Run 'pod install' or update your CocoaPods installation.\" >&2\n    exit 1\nfi\n# This output is used by Xcode 'outputs' to avoid re-running this script phase.\necho \"SUCCESS\" > \"${SCRIPT_OUTPUT_FILE_0}\"\n";
			showEnvVarsInLog = 0;
		};
		A6A9F4603EC54BCB6183D040 /* [CP] Check Pods Manifest.lock */ = {
			isa = PBXShellScriptBuildPhase;
			buildActionMask = 2147483647;
			files = (
			);
			inputPaths = (
				"${PODS_PODFILE_DIR_PATH}/Podfile.lock",
				"${PODS_ROOT}/Manifest.lock",
			);
			name = "[CP] Check Pods Manifest.lock";
			outputPaths = (
				"$(DERIVED_FILE_DIR)/Pods-TrendingGIFsTests-checkManifestLockResult.txt",
			);
			runOnlyForDeploymentPostprocessing = 0;
			shellPath = /bin/sh;
			shellScript = "diff \"${PODS_PODFILE_DIR_PATH}/Podfile.lock\" \"${PODS_ROOT}/Manifest.lock\" > /dev/null\nif [ $? != 0 ] ; then\n    # print error to STDERR\n    echo \"error: The sandbox is not in sync with the Podfile.lock. Run 'pod install' or update your CocoaPods installation.\" >&2\n    exit 1\nfi\n# This output is used by Xcode 'outputs' to avoid re-running this script phase.\necho \"SUCCESS\" > \"${SCRIPT_OUTPUT_FILE_0}\"\n";
			showEnvVarsInLog = 0;
		};
		C8456E3BE7880C4A72A5375E /* [CP] Check Pods Manifest.lock */ = {
			isa = PBXShellScriptBuildPhase;
			buildActionMask = 2147483647;
			files = (
			);
			inputPaths = (
				"${PODS_PODFILE_DIR_PATH}/Podfile.lock",
				"${PODS_ROOT}/Manifest.lock",
			);
			name = "[CP] Check Pods Manifest.lock";
			outputPaths = (
				"$(DERIVED_FILE_DIR)/Pods-TrendingGIFsUITests-checkManifestLockResult.txt",
			);
			runOnlyForDeploymentPostprocessing = 0;
			shellPath = /bin/sh;
			shellScript = "diff \"${PODS_PODFILE_DIR_PATH}/Podfile.lock\" \"${PODS_ROOT}/Manifest.lock\" > /dev/null\nif [ $? != 0 ] ; then\n    # print error to STDERR\n    echo \"error: The sandbox is not in sync with the Podfile.lock. Run 'pod install' or update your CocoaPods installation.\" >&2\n    exit 1\nfi\n# This output is used by Xcode 'outputs' to avoid re-running this script phase.\necho \"SUCCESS\" > \"${SCRIPT_OUTPUT_FILE_0}\"\n";
			showEnvVarsInLog = 0;
		};
/* End PBXShellScriptBuildPhase section */

/* Begin PBXSourcesBuildPhase section */
		CFF39F8C2279ADDC009EC531 /* Sources */ = {
			isa = PBXSourcesBuildPhase;
			buildActionMask = 2147483647;
			files = (
				CFB0C381227D4DAF001A1DAA /* TrendingGIFs.swift in Sources */,
				CF8AE1842283C74C0063BDC2 /* RandomGIF.swift in Sources */,
				CF0425B8227D38B1006AC3B3 /* FetchTrendingGIFsUseCase.swift in Sources */,
				CFCF56FD227D0BFB007E9EBC /* URLSessionProtocol.swift in Sources */,
				CFBA877322824D740028DCEE /* DetailedGIFViewController.swift in Sources */,
				CF0425BA227D407A006AC3B3 /* GIF.swift in Sources */,
				CFCF56F1227BC76D007E9EBC /* HTTPMethod.swift in Sources */,
				CFBA877522824E060028DCEE /* DetailedGIFViewConfigurator.swift in Sources */,
				CFCF570E227D1EE2007E9EBC /* GiphyRequest.swift in Sources */,
				CFBA875D227F07660028DCEE /* GIFImage.swift in Sources */,
				CFCF56FB227D0B0C007E9EBC /* URLSessionHandler.swift in Sources */,
				CF0425BC227D4864006AC3B3 /* TrendingGIFsViewConfigurator.swift in Sources */,
				CF8AE1862284EF670063BDC2 /* Meta.swift in Sources */,
				CF8AE18C22864B520063BDC2 /* GiphyLayout.swift in Sources */,
				CFBA877B22824FED0028DCEE /* FetchRandomGIFUseCase.swift in Sources */,
				CFBA8785228371A10028DCEE /* TrendingGIFsViewRouter.swift in Sources */,
				CFBA877722824E920028DCEE /* DetailedGIFPresenter.swift in Sources */,
				CFBA878322836B1A0028DCEE /* GIFView.swift in Sources */,
				CFCF56F3227BCA13007E9EBC /* EndPointProtocol.swift in Sources */,
				CF0425B6227D3466006AC3B3 /* TrendingGIFsPresenter.swift in Sources */,
				CFB0C388227EF724001A1DAA /* TrendingGIFCollectionViewCell.swift in Sources */,
				CF0425B4227D343C006AC3B3 /* TrendingGIFsViewController.swift in Sources */,
				CFB0C383227E594B001A1DAA /* Pagination.swift in Sources */,
				CFCF56F7227BCF88007E9EBC /* Result.swift in Sources */,
				CFCF5708227D18FA007E9EBC /* URLRequestExtension.swift in Sources */,
				CFF39F942279ADDC009EC531 /* AppDelegate.swift in Sources */,
				CF8AE17D2283B56E0063BDC2 /* AnimatedGIFView.swift in Sources */,
				CFCF56F9227D08F1007E9EBC /* URLEncoder.swift in Sources */,
				CFCF56FF227D0D11007E9EBC /* NetworkError.swift in Sources */,
				CFCF56F5227BCB8F007E9EBC /* ProviderProtocol.swift in Sources */,
				CFCF570A227D1961007E9EBC /* URLComponentExtension.swift in Sources */,
				CFBA875B227F00040028DCEE /* GIFViewModel.swift in Sources */,
			);
			runOnlyForDeploymentPostprocessing = 0;
		};
		CFF39FA02279ADDC009EC531 /* Sources */ = {
			isa = PBXSourcesBuildPhase;
			buildActionMask = 2147483647;
			files = (
				CFF39FA92279ADDC009EC531 /* TrendingGIFsTests.swift in Sources */,
			);
			runOnlyForDeploymentPostprocessing = 0;
		};
		CFF39FAB2279ADDC009EC531 /* Sources */ = {
			isa = PBXSourcesBuildPhase;
			buildActionMask = 2147483647;
			files = (
				CFF39FB42279ADDC009EC531 /* TrendingGIFsUITests.swift in Sources */,
			);
			runOnlyForDeploymentPostprocessing = 0;
		};
/* End PBXSourcesBuildPhase section */

/* Begin PBXTargetDependency section */
		CFF39FA62279ADDC009EC531 /* PBXTargetDependency */ = {
			isa = PBXTargetDependency;
			target = CFF39F8F2279ADDC009EC531 /* TrendingGIFs */;
			targetProxy = CFF39FA52279ADDC009EC531 /* PBXContainerItemProxy */;
		};
		CFF39FB12279ADDC009EC531 /* PBXTargetDependency */ = {
			isa = PBXTargetDependency;
			target = CFF39F8F2279ADDC009EC531 /* TrendingGIFs */;
			targetProxy = CFF39FB02279ADDC009EC531 /* PBXContainerItemProxy */;
		};
/* End PBXTargetDependency section */

/* Begin PBXVariantGroup section */
		CFF39F972279ADDC009EC531 /* Main.storyboard */ = {
			isa = PBXVariantGroup;
			children = (
				CFF39F982279ADDC009EC531 /* Base */,
			);
			name = Main.storyboard;
			sourceTree = "<group>";
		};
		CFF39F9C2279ADDC009EC531 /* LaunchScreen.storyboard */ = {
			isa = PBXVariantGroup;
			children = (
				CFF39F9D2279ADDC009EC531 /* Base */,
			);
			name = LaunchScreen.storyboard;
			sourceTree = "<group>";
		};
/* End PBXVariantGroup section */

/* Begin XCBuildConfiguration section */
		CFF39FB62279ADDC009EC531 /* Debug */ = {
			isa = XCBuildConfiguration;
			buildSettings = {
				ALWAYS_SEARCH_USER_PATHS = NO;
				CLANG_ANALYZER_NONNULL = YES;
				CLANG_ANALYZER_NUMBER_OBJECT_CONVERSION = YES_AGGRESSIVE;
				CLANG_CXX_LANGUAGE_STANDARD = "gnu++14";
				CLANG_CXX_LIBRARY = "libc++";
				CLANG_ENABLE_MODULES = YES;
				CLANG_ENABLE_OBJC_ARC = YES;
				CLANG_WARN_BLOCK_CAPTURE_AUTORELEASING = YES;
				CLANG_WARN_BOOL_CONVERSION = YES;
				CLANG_WARN_COMMA = YES;
				CLANG_WARN_CONSTANT_CONVERSION = YES;
				CLANG_WARN_DEPRECATED_OBJC_IMPLEMENTATIONS = YES;
				CLANG_WARN_DIRECT_OBJC_ISA_USAGE = YES_ERROR;
				CLANG_WARN_DOCUMENTATION_COMMENTS = YES;
				CLANG_WARN_EMPTY_BODY = YES;
				CLANG_WARN_ENUM_CONVERSION = YES;
				CLANG_WARN_INFINITE_RECURSION = YES;
				CLANG_WARN_INT_CONVERSION = YES;
				CLANG_WARN_NON_LITERAL_NULL_CONVERSION = YES;
				CLANG_WARN_OBJC_IMPLICIT_RETAIN_SELF = YES;
				CLANG_WARN_OBJC_LITERAL_CONVERSION = YES;
				CLANG_WARN_OBJC_ROOT_CLASS = YES_ERROR;
				CLANG_WARN_RANGE_LOOP_ANALYSIS = YES;
				CLANG_WARN_STRICT_PROTOTYPES = YES;
				CLANG_WARN_SUSPICIOUS_MOVE = YES;
				CLANG_WARN_UNGUARDED_AVAILABILITY = YES_AGGRESSIVE;
				CLANG_WARN_UNREACHABLE_CODE = YES;
				CLANG_WARN__DUPLICATE_METHOD_MATCH = YES;
				CODE_SIGN_IDENTITY = "iPhone Developer";
				COPY_PHASE_STRIP = NO;
				DEBUG_INFORMATION_FORMAT = dwarf;
				ENABLE_STRICT_OBJC_MSGSEND = YES;
				ENABLE_TESTABILITY = YES;
				GCC_C_LANGUAGE_STANDARD = gnu11;
				GCC_DYNAMIC_NO_PIC = NO;
				GCC_NO_COMMON_BLOCKS = YES;
				GCC_OPTIMIZATION_LEVEL = 0;
				GCC_PREPROCESSOR_DEFINITIONS = (
					"DEBUG=1",
					"$(inherited)",
				);
				GCC_WARN_64_TO_32_BIT_CONVERSION = YES;
				GCC_WARN_ABOUT_RETURN_TYPE = YES_ERROR;
				GCC_WARN_UNDECLARED_SELECTOR = YES;
				GCC_WARN_UNINITIALIZED_AUTOS = YES_AGGRESSIVE;
				GCC_WARN_UNUSED_FUNCTION = YES;
				GCC_WARN_UNUSED_VARIABLE = YES;
				IPHONEOS_DEPLOYMENT_TARGET = 11.0;
				MTL_ENABLE_DEBUG_INFO = YES;
				ONLY_ACTIVE_ARCH = YES;
				SDKROOT = iphoneos;
				SWIFT_ACTIVE_COMPILATION_CONDITIONS = DEBUG;
				SWIFT_OPTIMIZATION_LEVEL = "-Onone";
			};
			name = Debug;
		};
		CFF39FB72279ADDC009EC531 /* Release */ = {
			isa = XCBuildConfiguration;
			buildSettings = {
				ALWAYS_SEARCH_USER_PATHS = NO;
				CLANG_ANALYZER_NONNULL = YES;
				CLANG_ANALYZER_NUMBER_OBJECT_CONVERSION = YES_AGGRESSIVE;
				CLANG_CXX_LANGUAGE_STANDARD = "gnu++14";
				CLANG_CXX_LIBRARY = "libc++";
				CLANG_ENABLE_MODULES = YES;
				CLANG_ENABLE_OBJC_ARC = YES;
				CLANG_WARN_BLOCK_CAPTURE_AUTORELEASING = YES;
				CLANG_WARN_BOOL_CONVERSION = YES;
				CLANG_WARN_COMMA = YES;
				CLANG_WARN_CONSTANT_CONVERSION = YES;
				CLANG_WARN_DEPRECATED_OBJC_IMPLEMENTATIONS = YES;
				CLANG_WARN_DIRECT_OBJC_ISA_USAGE = YES_ERROR;
				CLANG_WARN_DOCUMENTATION_COMMENTS = YES;
				CLANG_WARN_EMPTY_BODY = YES;
				CLANG_WARN_ENUM_CONVERSION = YES;
				CLANG_WARN_INFINITE_RECURSION = YES;
				CLANG_WARN_INT_CONVERSION = YES;
				CLANG_WARN_NON_LITERAL_NULL_CONVERSION = YES;
				CLANG_WARN_OBJC_IMPLICIT_RETAIN_SELF = YES;
				CLANG_WARN_OBJC_LITERAL_CONVERSION = YES;
				CLANG_WARN_OBJC_ROOT_CLASS = YES_ERROR;
				CLANG_WARN_RANGE_LOOP_ANALYSIS = YES;
				CLANG_WARN_STRICT_PROTOTYPES = YES;
				CLANG_WARN_SUSPICIOUS_MOVE = YES;
				CLANG_WARN_UNGUARDED_AVAILABILITY = YES_AGGRESSIVE;
				CLANG_WARN_UNREACHABLE_CODE = YES;
				CLANG_WARN__DUPLICATE_METHOD_MATCH = YES;
				CODE_SIGN_IDENTITY = "iPhone Developer";
				COPY_PHASE_STRIP = NO;
				DEBUG_INFORMATION_FORMAT = "dwarf-with-dsym";
				ENABLE_NS_ASSERTIONS = NO;
				ENABLE_STRICT_OBJC_MSGSEND = YES;
				GCC_C_LANGUAGE_STANDARD = gnu11;
				GCC_NO_COMMON_BLOCKS = YES;
				GCC_WARN_64_TO_32_BIT_CONVERSION = YES;
				GCC_WARN_ABOUT_RETURN_TYPE = YES_ERROR;
				GCC_WARN_UNDECLARED_SELECTOR = YES;
				GCC_WARN_UNINITIALIZED_AUTOS = YES_AGGRESSIVE;
				GCC_WARN_UNUSED_FUNCTION = YES;
				GCC_WARN_UNUSED_VARIABLE = YES;
				IPHONEOS_DEPLOYMENT_TARGET = 11.0;
				MTL_ENABLE_DEBUG_INFO = NO;
				SDKROOT = iphoneos;
				SWIFT_OPTIMIZATION_LEVEL = "-Owholemodule";
				VALIDATE_PRODUCT = YES;
			};
			name = Release;
		};
		CFF39FB92279ADDC009EC531 /* Debug */ = {
			isa = XCBuildConfiguration;
			baseConfigurationReference = 6F7D4EA4272F6635C7FA989F /* Pods-TrendingGIFs.debug.xcconfig */;
			buildSettings = {
				ASSETCATALOG_COMPILER_APPICON_NAME = AppIcon;
				CODE_SIGN_STYLE = Automatic;
				DEVELOPMENT_TEAM = 76VDA98VQ3;
				INFOPLIST_FILE = TrendingGIFs/Info.plist;
				LD_RUNPATH_SEARCH_PATHS = "$(inherited) @executable_path/Frameworks";
				PRODUCT_BUNDLE_IDENTIFIER = picnic.TrendingGIFs;
				PRODUCT_NAME = "$(TARGET_NAME)";
				SWIFT_VERSION = 4.2;
				TARGETED_DEVICE_FAMILY = "1,2";
			};
			name = Debug;
		};
		CFF39FBA2279ADDC009EC531 /* Release */ = {
			isa = XCBuildConfiguration;
			baseConfigurationReference = A89E990C8DAC65A3DAE17869 /* Pods-TrendingGIFs.release.xcconfig */;
			buildSettings = {
				ASSETCATALOG_COMPILER_APPICON_NAME = AppIcon;
				CODE_SIGN_STYLE = Automatic;
				DEVELOPMENT_TEAM = 76VDA98VQ3;
				INFOPLIST_FILE = TrendingGIFs/Info.plist;
				LD_RUNPATH_SEARCH_PATHS = "$(inherited) @executable_path/Frameworks";
				PRODUCT_BUNDLE_IDENTIFIER = picnic.TrendingGIFs;
				PRODUCT_NAME = "$(TARGET_NAME)";
				SWIFT_VERSION = 4.2;
				TARGETED_DEVICE_FAMILY = "1,2";
			};
			name = Release;
		};
		CFF39FBC2279ADDC009EC531 /* Debug */ = {
			isa = XCBuildConfiguration;
			baseConfigurationReference = 06546BF87D71339A20338BE6 /* Pods-TrendingGIFsTests.debug.xcconfig */;
			buildSettings = {
				ALWAYS_EMBED_SWIFT_STANDARD_LIBRARIES = YES;
				BUNDLE_LOADER = "$(TEST_HOST)";
				CODE_SIGN_STYLE = Automatic;
				DEVELOPMENT_TEAM = 76VDA98VQ3;
				INFOPLIST_FILE = TrendingGIFsTests/Info.plist;
				LD_RUNPATH_SEARCH_PATHS = "$(inherited) @executable_path/Frameworks @loader_path/Frameworks";
				PRODUCT_BUNDLE_IDENTIFIER = picnic.TrendingGIFsTests;
				PRODUCT_NAME = "$(TARGET_NAME)";
				SWIFT_VERSION = 4.2;
				TARGETED_DEVICE_FAMILY = "1,2";
				TEST_HOST = "$(BUILT_PRODUCTS_DIR)/TrendingGIFs.app/TrendingGIFs";
			};
			name = Debug;
		};
		CFF39FBD2279ADDC009EC531 /* Release */ = {
			isa = XCBuildConfiguration;
			baseConfigurationReference = AFD88FEB41AD7268E176D908 /* Pods-TrendingGIFsTests.release.xcconfig */;
			buildSettings = {
				ALWAYS_EMBED_SWIFT_STANDARD_LIBRARIES = YES;
				BUNDLE_LOADER = "$(TEST_HOST)";
				CODE_SIGN_STYLE = Automatic;
				DEVELOPMENT_TEAM = 76VDA98VQ3;
				INFOPLIST_FILE = TrendingGIFsTests/Info.plist;
				LD_RUNPATH_SEARCH_PATHS = "$(inherited) @executable_path/Frameworks @loader_path/Frameworks";
				PRODUCT_BUNDLE_IDENTIFIER = picnic.TrendingGIFsTests;
				PRODUCT_NAME = "$(TARGET_NAME)";
				SWIFT_VERSION = 4.2;
				TARGETED_DEVICE_FAMILY = "1,2";
				TEST_HOST = "$(BUILT_PRODUCTS_DIR)/TrendingGIFs.app/TrendingGIFs";
			};
			name = Release;
		};
		CFF39FBF2279ADDC009EC531 /* Debug */ = {
			isa = XCBuildConfiguration;
			baseConfigurationReference = BF15025072EDBC9834726677 /* Pods-TrendingGIFsUITests.debug.xcconfig */;
			buildSettings = {
				ALWAYS_EMBED_SWIFT_STANDARD_LIBRARIES = YES;
				CODE_SIGN_STYLE = Automatic;
				DEVELOPMENT_TEAM = 76VDA98VQ3;
				INFOPLIST_FILE = TrendingGIFsUITests/Info.plist;
				LD_RUNPATH_SEARCH_PATHS = "$(inherited) @executable_path/Frameworks @loader_path/Frameworks";
				PRODUCT_BUNDLE_IDENTIFIER = picnic.TrendingGIFsUITests;
				PRODUCT_NAME = "$(TARGET_NAME)";
				SWIFT_VERSION = 4.2;
				TARGETED_DEVICE_FAMILY = "1,2";
				TEST_TARGET_NAME = TrendingGIFs;
			};
			name = Debug;
		};
		CFF39FC02279ADDC009EC531 /* Release */ = {
			isa = XCBuildConfiguration;
			baseConfigurationReference = D73BCBB167AB6BA10B03A390 /* Pods-TrendingGIFsUITests.release.xcconfig */;
			buildSettings = {
				ALWAYS_EMBED_SWIFT_STANDARD_LIBRARIES = YES;
				CODE_SIGN_STYLE = Automatic;
				DEVELOPMENT_TEAM = 76VDA98VQ3;
				INFOPLIST_FILE = TrendingGIFsUITests/Info.plist;
				LD_RUNPATH_SEARCH_PATHS = "$(inherited) @executable_path/Frameworks @loader_path/Frameworks";
				PRODUCT_BUNDLE_IDENTIFIER = picnic.TrendingGIFsUITests;
				PRODUCT_NAME = "$(TARGET_NAME)";
				SWIFT_VERSION = 4.2;
				TARGETED_DEVICE_FAMILY = "1,2";
				TEST_TARGET_NAME = TrendingGIFs;
			};
			name = Release;
		};
/* End XCBuildConfiguration section */

/* Begin XCConfigurationList section */
		CFF39F8B2279ADDC009EC531 /* Build configuration list for PBXProject "TrendingGIFs" */ = {
			isa = XCConfigurationList;
			buildConfigurations = (
				CFF39FB62279ADDC009EC531 /* Debug */,
				CFF39FB72279ADDC009EC531 /* Release */,
			);
			defaultConfigurationIsVisible = 0;
			defaultConfigurationName = Release;
		};
		CFF39FB82279ADDC009EC531 /* Build configuration list for PBXNativeTarget "TrendingGIFs" */ = {
			isa = XCConfigurationList;
			buildConfigurations = (
				CFF39FB92279ADDC009EC531 /* Debug */,
				CFF39FBA2279ADDC009EC531 /* Release */,
			);
			defaultConfigurationIsVisible = 0;
			defaultConfigurationName = Release;
		};
		CFF39FBB2279ADDC009EC531 /* Build configuration list for PBXNativeTarget "TrendingGIFsTests" */ = {
			isa = XCConfigurationList;
			buildConfigurations = (
				CFF39FBC2279ADDC009EC531 /* Debug */,
				CFF39FBD2279ADDC009EC531 /* Release */,
			);
			defaultConfigurationIsVisible = 0;
			defaultConfigurationName = Release;
		};
		CFF39FBE2279ADDC009EC531 /* Build configuration list for PBXNativeTarget "TrendingGIFsUITests" */ = {
			isa = XCConfigurationList;
			buildConfigurations = (
				CFF39FBF2279ADDC009EC531 /* Debug */,
				CFF39FC02279ADDC009EC531 /* Release */,
			);
			defaultConfigurationIsVisible = 0;
			defaultConfigurationName = Release;
		};
/* End XCConfigurationList section */
	};
	rootObject = CFF39F882279ADDC009EC531 /* Project object */;
}
